
Microsoft Visual Studio Solution File, Format Version 12.00
# Visual Studio Version 16
VisualStudioVersion = 16.0.29418.71
MinimumVisualStudioVersion = 10.0.40219.1
Project("{FAE04EC0-301F-11D3-BF4B-00C04F79EFBC}") = "计算经纬度", "计算经纬度.csproj", "{D667DC50-C63B-4A3F-837E-E240DDC55595}"
EndProject
Global
	GlobalSection(SolutionConfigurationPlatforms) = preSolution
		Debug|Any CPU = Debug|Any CPU
		Release|Any CPU = Release|Any CPU
	EndGlobalSection
	GlobalSection(ProjectConfigurationPlatforms) = postSolution
		{D667DC50-C63B-4A3F-837E-E240DDC55595}.Debug|Any CPU.ActiveCfg = Debug|Any CPU
		{D667DC50-C63B-4A3F-837E-E240DDC55595}.Debug|Any CPU.Build.0 = Debug|Any CPU
		{D667DC50-C63B-4A3F-837E-E240DDC55595}.Release|Any CPU.ActiveCfg = Release|Any CPU
		{D667DC50-C63B-4A3F-837E-E240DDC55595}.Release|Any CPU.Build.0 = Release|Any CPU
	EndGlobalSection
	GlobalSection(SolutionProperties) = preSolution
		HideSolutionNode = FALSE
	EndGlobalSection
	GlobalSection(ExtensibilityGlobals) = postSolution
		SolutionGuid = {C46A8603-9B51-4FB7-AE6C-F1DB66A8F724}
	EndGlobalSection
EndGlobal
